// !$*UTF8*$!
{
	archiveVersion = 1;
	classes = {
	};
	objectVersion = 56;
	objects = {

/* Begin PBXBuildFile section */
		77AC32552B77CC460034EF0B /* StreetsOfSanFranciscoApp.swift in Sources */ = {isa = PBXBuildFile; fileRef = 77AC32542B77CC460034EF0B /* StreetsOfSanFranciscoApp.swift */; };
		77AC325B2B77CC470034EF0B /* Assets.xcassets in Resources */ = {isa = PBXBuildFile; fileRef = 77AC325A2B77CC470034EF0B /* Assets.xcassets */; };
		77AC325E2B77CC470034EF0B /* Preview Assets.xcassets in Resources */ = {isa = PBXBuildFile; fileRef = 77AC325D2B77CC470034EF0B /* Preview Assets.xcassets */; };
		77AC326A2B77CC470034EF0B /* StreetsOfSanFranciscoTests.swift in Sources */ = {isa = PBXBuildFile; fileRef = 77AC32692B77CC470034EF0B /* StreetsOfSanFranciscoTests.swift */; };
		77AC32742B77CC470034EF0B /* StreetsOfSanFranciscoUITests.swift in Sources */ = {isa = PBXBuildFile; fileRef = 77AC32732B77CC470034EF0B /* StreetsOfSanFranciscoUITests.swift */; };
		77AC32762B77CC470034EF0B /* StreetsOfSanFranciscoUITestsLaunchTests.swift in Sources */ = {isa = PBXBuildFile; fileRef = 77AC32752B77CC470034EF0B /* StreetsOfSanFranciscoUITestsLaunchTests.swift */; };
		77FC54552B77CFA400992702 /* AppTabView.swift in Sources */ = {isa = PBXBuildFile; fileRef = 77FC54542B77CFA400992702 /* AppTabView.swift */; };
		77FC54572B77CFD900992702 /* LocationMapView.swift in Sources */ = {isa = PBXBuildFile; fileRef = 77FC54562B77CFD900992702 /* LocationMapView.swift */; };
		77FC54592B77D02D00992702 /* EpisodeListView.swift in Sources */ = {isa = PBXBuildFile; fileRef = 77FC54582B77D02D00992702 /* EpisodeListView.swift */; };
		77FC545E2B77D14F00992702 /* View+Ext.swift in Sources */ = {isa = PBXBuildFile; fileRef = 77FC545D2B77D14F00992702 /* View+Ext.swift */; };
		77FC54602B77D16B00992702 /* CustomModifiers.swift in Sources */ = {isa = PBXBuildFile; fileRef = 77FC545F2B77D16B00992702 /* CustomModifiers.swift */; };
		77FC54622B77D1A500992702 /* LocationManager.swift in Sources */ = {isa = PBXBuildFile; fileRef = 77FC54612B77D1A500992702 /* LocationManager.swift */; };
		77FC54642B77D1D200992702 /* CloudKitManager.swift in Sources */ = {isa = PBXBuildFile; fileRef = 77FC54632B77D1D200992702 /* CloudKitManager.swift */; };
		77FC54662B77D20F00992702 /* SFLocation.swift in Sources */ = {isa = PBXBuildFile; fileRef = 77FC54652B77D20F00992702 /* SFLocation.swift */; };
		77FC54682B77D2BA00992702 /* CKRecord+Ext.swift in Sources */ = {isa = PBXBuildFile; fileRef = 77FC54672B77D2BA00992702 /* CKRecord+Ext.swift */; };
		77FC546A2B77D64B00992702 /* CKAsset+Ext.swift in Sources */ = {isa = PBXBuildFile; fileRef = 77FC54692B77D64B00992702 /* CKAsset+Ext.swift */; };
		77FC546C2B77D67A00992702 /* Constants.swift in Sources */ = {isa = PBXBuildFile; fileRef = 77FC546B2B77D67A00992702 /* Constants.swift */; };
		77FC546F2B77E02F00992702 /* LocationMapViewModel.swift in Sources */ = {isa = PBXBuildFile; fileRef = 77FC546E2B77E02F00992702 /* LocationMapViewModel.swift */; };
		77FC54712B7808C700992702 /* AlertItem.swift in Sources */ = {isa = PBXBuildFile; fileRef = 77FC54702B7808C700992702 /* AlertItem.swift */; };
		77FC54752B780A5F00992702 /* ProfileView.swift in Sources */ = {isa = PBXBuildFile; fileRef = 77FC54742B780A5F00992702 /* ProfileView.swift */; };
/* End PBXBuildFile section */

/* Begin PBXContainerItemProxy section */
		77AC32662B77CC470034EF0B /* PBXContainerItemProxy */ = {
			isa = PBXContainerItemProxy;
			containerPortal = 77AC32492B77CC460034EF0B /* Project object */;
			proxyType = 1;
			remoteGlobalIDString = 77AC32502B77CC460034EF0B;
			remoteInfo = StreetsOfSanFrancisco;
		};
		77AC32702B77CC470034EF0B /* PBXContainerItemProxy */ = {
			isa = PBXContainerItemProxy;
			containerPortal = 77AC32492B77CC460034EF0B /* Project object */;
			proxyType = 1;
			remoteGlobalIDString = 77AC32502B77CC460034EF0B;
			remoteInfo = StreetsOfSanFrancisco;
		};
/* End PBXContainerItemProxy section */

/* Begin PBXFileReference section */
		77AC32512B77CC460034EF0B /* StreetsOfSanFrancisco.app */ = {isa = PBXFileReference; explicitFileType = wrapper.application; includeInIndex = 0; path = StreetsOfSanFrancisco.app; sourceTree = BUILT_PRODUCTS_DIR; };
		77AC32542B77CC460034EF0B /* StreetsOfSanFranciscoApp.swift */ = {isa = PBXFileReference; lastKnownFileType = sourcecode.swift; path = StreetsOfSanFranciscoApp.swift; sourceTree = "<group>"; };
		77AC325A2B77CC470034EF0B /* Assets.xcassets */ = {isa = PBXFileReference; lastKnownFileType = folder.assetcatalog; path = Assets.xcassets; sourceTree = "<group>"; };
		77AC325D2B77CC470034EF0B /* Preview Assets.xcassets */ = {isa = PBXFileReference; lastKnownFileType = folder.assetcatalog; path = "Preview Assets.xcassets"; sourceTree = "<group>"; };
		77AC325F2B77CC470034EF0B /* StreetsOfSanFrancisco.entitlements */ = {isa = PBXFileReference; lastKnownFileType = text.plist.entitlements; path = StreetsOfSanFrancisco.entitlements; sourceTree = "<group>"; };
		77AC32602B77CC470034EF0B /* Info.plist */ = {isa = PBXFileReference; lastKnownFileType = text.plist.xml; path = Info.plist; sourceTree = "<group>"; };
		77AC32652B77CC470034EF0B /* StreetsOfSanFranciscoTests.xctest */ = {isa = PBXFileReference; explicitFileType = wrapper.cfbundle; includeInIndex = 0; path = StreetsOfSanFranciscoTests.xctest; sourceTree = BUILT_PRODUCTS_DIR; };
		77AC32692B77CC470034EF0B /* StreetsOfSanFranciscoTests.swift */ = {isa = PBXFileReference; lastKnownFileType = sourcecode.swift; path = StreetsOfSanFranciscoTests.swift; sourceTree = "<group>"; };
		77AC326F2B77CC470034EF0B /* StreetsOfSanFranciscoUITests.xctest */ = {isa = PBXFileReference; explicitFileType = wrapper.cfbundle; includeInIndex = 0; path = StreetsOfSanFranciscoUITests.xctest; sourceTree = BUILT_PRODUCTS_DIR; };
		77AC32732B77CC470034EF0B /* StreetsOfSanFranciscoUITests.swift */ = {isa = PBXFileReference; lastKnownFileType = sourcecode.swift; path = StreetsOfSanFranciscoUITests.swift; sourceTree = "<group>"; };
		77AC32752B77CC470034EF0B /* StreetsOfSanFranciscoUITestsLaunchTests.swift */ = {isa = PBXFileReference; lastKnownFileType = sourcecode.swift; path = StreetsOfSanFranciscoUITestsLaunchTests.swift; sourceTree = "<group>"; };
		77FC54542B77CFA400992702 /* AppTabView.swift */ = {isa = PBXFileReference; lastKnownFileType = sourcecode.swift; path = AppTabView.swift; sourceTree = "<group>"; };
		77FC54562B77CFD900992702 /* LocationMapView.swift */ = {isa = PBXFileReference; lastKnownFileType = sourcecode.swift; path = LocationMapView.swift; sourceTree = "<group>"; };
		77FC54582B77D02D00992702 /* EpisodeListView.swift */ = {isa = PBXFileReference; lastKnownFileType = sourcecode.swift; path = EpisodeListView.swift; sourceTree = "<group>"; };
		77FC545D2B77D14F00992702 /* View+Ext.swift */ = {isa = PBXFileReference; lastKnownFileType = sourcecode.swift; path = "View+Ext.swift"; sourceTree = "<group>"; };
		77FC545F2B77D16B00992702 /* CustomModifiers.swift */ = {isa = PBXFileReference; lastKnownFileType = sourcecode.swift; path = CustomModifiers.swift; sourceTree = "<group>"; };
		77FC54612B77D1A500992702 /* LocationManager.swift */ = {isa = PBXFileReference; lastKnownFileType = sourcecode.swift; path = LocationManager.swift; sourceTree = "<group>"; };
		77FC54632B77D1D200992702 /* CloudKitManager.swift */ = {isa = PBXFileReference; lastKnownFileType = sourcecode.swift; path = CloudKitManager.swift; sourceTree = "<group>"; };
		77FC54652B77D20F00992702 /* SFLocation.swift */ = {isa = PBXFileReference; lastKnownFileType = sourcecode.swift; path = SFLocation.swift; sourceTree = "<group>"; };
		77FC54672B77D2BA00992702 /* CKRecord+Ext.swift */ = {isa = PBXFileReference; lastKnownFileType = sourcecode.swift; path = "CKRecord+Ext.swift"; sourceTree = "<group>"; };
		77FC54692B77D64B00992702 /* CKAsset+Ext.swift */ = {isa = PBXFileReference; lastKnownFileType = sourcecode.swift; path = "CKAsset+Ext.swift"; sourceTree = "<group>"; };
		77FC546B2B77D67A00992702 /* Constants.swift */ = {isa = PBXFileReference; lastKnownFileType = sourcecode.swift; path = Constants.swift; sourceTree = "<group>"; };
		77FC546E2B77E02F00992702 /* LocationMapViewModel.swift */ = {isa = PBXFileReference; lastKnownFileType = sourcecode.swift; path = LocationMapViewModel.swift; sourceTree = "<group>"; };
		77FC54702B7808C700992702 /* AlertItem.swift */ = {isa = PBXFileReference; lastKnownFileType = sourcecode.swift; path = AlertItem.swift; sourceTree = "<group>"; };
		77FC54742B780A5F00992702 /* ProfileView.swift */ = {isa = PBXFileReference; lastKnownFileType = sourcecode.swift; path = ProfileView.swift; sourceTree = "<group>"; };
/* End PBXFileReference section */

/* Begin PBXFrameworksBuildPhase section */
		77AC324E2B77CC460034EF0B /* Frameworks */ = {
			isa = PBXFrameworksBuildPhase;
			buildActionMask = 2147483647;
			files = (
			);
			runOnlyForDeploymentPostprocessing = 0;
		};
		77AC32622B77CC470034EF0B /* Frameworks */ = {
			isa = PBXFrameworksBuildPhase;
			buildActionMask = 2147483647;
			files = (
			);
			runOnlyForDeploymentPostprocessing = 0;
		};
		77AC326C2B77CC470034EF0B /* Frameworks */ = {
			isa = PBXFrameworksBuildPhase;
			buildActionMask = 2147483647;
			files = (
			);
			runOnlyForDeploymentPostprocessing = 0;
		};
/* End PBXFrameworksBuildPhase section */

/* Begin PBXGroup section */
		77AC32482B77CC460034EF0B = {
			isa = PBXGroup;
			children = (
				77AC32532B77CC460034EF0B /* StreetsOfSanFrancisco */,
				77AC32682B77CC470034EF0B /* StreetsOfSanFranciscoTests */,
				77AC32722B77CC470034EF0B /* StreetsOfSanFranciscoUITests */,
				77AC32522B77CC460034EF0B /* Products */,
			);
			sourceTree = "<group>";
		};
		77AC32522B77CC460034EF0B /* Products */ = {
			isa = PBXGroup;
			children = (
				77AC32512B77CC460034EF0B /* StreetsOfSanFrancisco.app */,
				77AC32652B77CC470034EF0B /* StreetsOfSanFranciscoTests.xctest */,
				77AC326F2B77CC470034EF0B /* StreetsOfSanFranciscoUITests.xctest */,
			);
			name = Products;
			sourceTree = "<group>";
		};
		77AC32532B77CC460034EF0B /* StreetsOfSanFrancisco */ = {
			isa = PBXGroup;
			children = (
				77FC545A2B77D11600992702 /* Utilities */,
				77AC32852B77CCEB0034EF0B /* Resources */,
				77AC32842B77CCE10034EF0B /* Views */,
				77AC32832B77CCD90034EF0B /* ViewModel */,
				77AC32822B77CCD20034EF0B /* Model */,
				77AC32542B77CC460034EF0B /* StreetsOfSanFranciscoApp.swift */,
				77AC325F2B77CC470034EF0B /* StreetsOfSanFrancisco.entitlements */,
				77AC32602B77CC470034EF0B /* Info.plist */,
				77AC325C2B77CC470034EF0B /* Preview Content */,
			);
			path = StreetsOfSanFrancisco;
			sourceTree = "<group>";
		};
		77AC325C2B77CC470034EF0B /* Preview Content */ = {
			isa = PBXGroup;
			children = (
				77AC325D2B77CC470034EF0B /* Preview Assets.xcassets */,
			);
			path = "Preview Content";
			sourceTree = "<group>";
		};
		77AC32682B77CC470034EF0B /* StreetsOfSanFranciscoTests */ = {
			isa = PBXGroup;
			children = (
				77AC32692B77CC470034EF0B /* StreetsOfSanFranciscoTests.swift */,
			);
			path = StreetsOfSanFranciscoTests;
			sourceTree = "<group>";
		};
		77AC32722B77CC470034EF0B /* StreetsOfSanFranciscoUITests */ = {
			isa = PBXGroup;
			children = (
				77AC32732B77CC470034EF0B /* StreetsOfSanFranciscoUITests.swift */,
				77AC32752B77CC470034EF0B /* StreetsOfSanFranciscoUITestsLaunchTests.swift */,
			);
			path = StreetsOfSanFranciscoUITests;
			sourceTree = "<group>";
		};
		77AC32822B77CCD20034EF0B /* Model */ = {
			isa = PBXGroup;
			children = (
				77FC54652B77D20F00992702 /* SFLocation.swift */,
			);
			path = Model;
			sourceTree = "<group>";
		};
		77AC32832B77CCD90034EF0B /* ViewModel */ = {
			isa = PBXGroup;
			children = (
			);
			path = ViewModel;
			sourceTree = "<group>";
		};
		77AC32842B77CCE10034EF0B /* Views */ = {
			isa = PBXGroup;
			children = (
				77FC54532B77CF4A00992702 /* Screens */,
				77FC545F2B77D16B00992702 /* CustomModifiers.swift */,
			);
			path = Views;
			sourceTree = "<group>";
		};
		77AC32852B77CCEB0034EF0B /* Resources */ = {
			isa = PBXGroup;
			children = (
				77AC325A2B77CC470034EF0B /* Assets.xcassets */,
			);
			path = Resources;
			sourceTree = "<group>";
		};
		77FC54532B77CF4A00992702 /* Screens */ = {
			isa = PBXGroup;
			children = (
				77FC54732B780A3100992702 /* Episodes */,
				77FC54722B780A2700992702 /* Profiles */,
				77FC546D2B77DFDD00992702 /* LocationMap */,
				77FC54542B77CFA400992702 /* AppTabView.swift */,
			);
			path = Screens;
			sourceTree = "<group>";
		};
		77FC545A2B77D11600992702 /* Utilities */ = {
			isa = PBXGroup;
			children = (
				77FC545C2B77D12B00992702 /* Extensions */,
				77FC545B2B77D12000992702 /* Managers */,
				77FC54702B7808C700992702 /* AlertItem.swift */,
			);
			path = Utilities;
			sourceTree = "<group>";
		};
		77FC545B2B77D12000992702 /* Managers */ = {
			isa = PBXGroup;
			children = (
				77FC54612B77D1A500992702 /* LocationManager.swift */,
				77FC54632B77D1D200992702 /* CloudKitManager.swift */,
				77FC546B2B77D67A00992702 /* Constants.swift */,
			);
			path = Managers;
			sourceTree = "<group>";
		};
		77FC545C2B77D12B00992702 /* Extensions */ = {
			isa = PBXGroup;
			children = (
				77FC545D2B77D14F00992702 /* View+Ext.swift */,
				77FC54672B77D2BA00992702 /* CKRecord+Ext.swift */,
				77FC54692B77D64B00992702 /* CKAsset+Ext.swift */,
			);
			path = Extensions;
			sourceTree = "<group>";
		};
		77FC546D2B77DFDD00992702 /* LocationMap */ = {
			isa = PBXGroup;
			children = (
				77FC54562B77CFD900992702 /* LocationMapView.swift */,
				77FC546E2B77E02F00992702 /* LocationMapViewModel.swift */,
			);
			path = LocationMap;
			sourceTree = "<group>";
		};
		77FC54722B780A2700992702 /* Profiles */ = {
			isa = PBXGroup;
			children = (
				77FC54742B780A5F00992702 /* ProfileView.swift */,
			);
			path = Profiles;
			sourceTree = "<group>";
		};
		77FC54732B780A3100992702 /* Episodes */ = {
			isa = PBXGroup;
			children = (
				77FC54582B77D02D00992702 /* EpisodeListView.swift */,
			);
			path = Episodes;
			sourceTree = "<group>";
		};
/* End PBXGroup section */

/* Begin PBXNativeTarget section */
		77AC32502B77CC460034EF0B /* StreetsOfSanFrancisco */ = {
			isa = PBXNativeTarget;
			buildConfigurationList = 77AC32792B77CC470034EF0B /* Build configuration list for PBXNativeTarget "StreetsOfSanFrancisco" */;
			buildPhases = (
				77AC324D2B77CC460034EF0B /* Sources */,
				77AC324E2B77CC460034EF0B /* Frameworks */,
				77AC324F2B77CC460034EF0B /* Resources */,
			);
			buildRules = (
			);
			dependencies = (
			);
			name = StreetsOfSanFrancisco;
			productName = StreetsOfSanFrancisco;
			productReference = 77AC32512B77CC460034EF0B /* StreetsOfSanFrancisco.app */;
			productType = "com.apple.product-type.application";
		};
		77AC32642B77CC470034EF0B /* StreetsOfSanFranciscoTests */ = {
			isa = PBXNativeTarget;
			buildConfigurationList = 77AC327C2B77CC470034EF0B /* Build configuration list for PBXNativeTarget "StreetsOfSanFranciscoTests" */;
			buildPhases = (
				77AC32612B77CC470034EF0B /* Sources */,
				77AC32622B77CC470034EF0B /* Frameworks */,
				77AC32632B77CC470034EF0B /* Resources */,
			);
			buildRules = (
			);
			dependencies = (
				77AC32672B77CC470034EF0B /* PBXTargetDependency */,
			);
			name = StreetsOfSanFranciscoTests;
			productName = StreetsOfSanFranciscoTests;
			productReference = 77AC32652B77CC470034EF0B /* StreetsOfSanFranciscoTests.xctest */;
			productType = "com.apple.product-type.bundle.unit-test";
		};
		77AC326E2B77CC470034EF0B /* StreetsOfSanFranciscoUITests */ = {
			isa = PBXNativeTarget;
			buildConfigurationList = 77AC327F2B77CC470034EF0B /* Build configuration list for PBXNativeTarget "StreetsOfSanFranciscoUITests" */;
			buildPhases = (
				77AC326B2B77CC470034EF0B /* Sources */,
				77AC326C2B77CC470034EF0B /* Frameworks */,
				77AC326D2B77CC470034EF0B /* Resources */,
			);
			buildRules = (
			);
			dependencies = (
				77AC32712B77CC470034EF0B /* PBXTargetDependency */,
			);
			name = StreetsOfSanFranciscoUITests;
			productName = StreetsOfSanFranciscoUITests;
			productReference = 77AC326F2B77CC470034EF0B /* StreetsOfSanFranciscoUITests.xctest */;
			productType = "com.apple.product-type.bundle.ui-testing";
		};
/* End PBXNativeTarget section */

/* Begin PBXProject section */
		77AC32492B77CC460034EF0B /* Project object */ = {
			isa = PBXProject;
			attributes = {
				BuildIndependentTargetsInParallel = 1;
				LastSwiftUpdateCheck = 1520;
				LastUpgradeCheck = 1520;
				TargetAttributes = {
					77AC32502B77CC460034EF0B = {
						CreatedOnToolsVersion = 15.2;
					};
					77AC32642B77CC470034EF0B = {
						CreatedOnToolsVersion = 15.2;
						TestTargetID = 77AC32502B77CC460034EF0B;
					};
					77AC326E2B77CC470034EF0B = {
						CreatedOnToolsVersion = 15.2;
						TestTargetID = 77AC32502B77CC460034EF0B;
					};
				};
			};
			buildConfigurationList = 77AC324C2B77CC460034EF0B /* Build configuration list for PBXProject "StreetsOfSanFrancisco" */;
			compatibilityVersion = "Xcode 14.0";
			developmentRegion = en;
			hasScannedForEncodings = 0;
			knownRegions = (
				en,
				Base,
			);
			mainGroup = 77AC32482B77CC460034EF0B;
			productRefGroup = 77AC32522B77CC460034EF0B /* Products */;
			projectDirPath = "";
			projectRoot = "";
			targets = (
				77AC32502B77CC460034EF0B /* StreetsOfSanFrancisco */,
				77AC32642B77CC470034EF0B /* StreetsOfSanFranciscoTests */,
				77AC326E2B77CC470034EF0B /* StreetsOfSanFranciscoUITests */,
			);
		};
/* End PBXProject section */

/* Begin PBXResourcesBuildPhase section */
		77AC324F2B77CC460034EF0B /* Resources */ = {
			isa = PBXResourcesBuildPhase;
			buildActionMask = 2147483647;
			files = (
				77AC325E2B77CC470034EF0B /* Preview Assets.xcassets in Resources */,
				77AC325B2B77CC470034EF0B /* Assets.xcassets in Resources */,
			);
			runOnlyForDeploymentPostprocessing = 0;
		};
		77AC32632B77CC470034EF0B /* Resources */ = {
			isa = PBXResourcesBuildPhase;
			buildActionMask = 2147483647;
			files = (
			);
			runOnlyForDeploymentPostprocessing = 0;
		};
		77AC326D2B77CC470034EF0B /* Resources */ = {
			isa = PBXResourcesBuildPhase;
			buildActionMask = 2147483647;
			files = (
			);
			runOnlyForDeploymentPostprocessing = 0;
		};
/* End PBXResourcesBuildPhase section */

/* Begin PBXSourcesBuildPhase section */
		77AC324D2B77CC460034EF0B /* Sources */ = {
			isa = PBXSourcesBuildPhase;
			buildActionMask = 2147483647;
			files = (
				77FC54552B77CFA400992702 /* AppTabView.swift in Sources */,
				77FC546A2B77D64B00992702 /* CKAsset+Ext.swift in Sources */,
				77FC545E2B77D14F00992702 /* View+Ext.swift in Sources */,
				77FC54592B77D02D00992702 /* EpisodeListView.swift in Sources */,
				77FC546F2B77E02F00992702 /* LocationMapViewModel.swift in Sources */,
				77FC54622B77D1A500992702 /* LocationManager.swift in Sources */,
				77FC54572B77CFD900992702 /* LocationMapView.swift in Sources */,
				77FC54752B780A5F00992702 /* ProfileView.swift in Sources */,
				77FC54712B7808C700992702 /* AlertItem.swift in Sources */,
				77FC546C2B77D67A00992702 /* Constants.swift in Sources */,
				77FC54682B77D2BA00992702 /* CKRecord+Ext.swift in Sources */,
				77FC54602B77D16B00992702 /* CustomModifiers.swift in Sources */,
				77FC54662B77D20F00992702 /* SFLocation.swift in Sources */,
				77AC32552B77CC460034EF0B /* StreetsOfSanFranciscoApp.swift in Sources */,
				77FC54642B77D1D200992702 /* CloudKitManager.swift in Sources */,
			);
			runOnlyForDeploymentPostprocessing = 0;
		};
		77AC32612B77CC470034EF0B /* Sources */ = {
			isa = PBXSourcesBuildPhase;
			buildActionMask = 2147483647;
			files = (
				77AC326A2B77CC470034EF0B /* StreetsOfSanFranciscoTests.swift in Sources */,
			);
			runOnlyForDeploymentPostprocessing = 0;
		};
		77AC326B2B77CC470034EF0B /* Sources */ = {
			isa = PBXSourcesBuildPhase;
			buildActionMask = 2147483647;
			files = (
				77AC32762B77CC470034EF0B /* StreetsOfSanFranciscoUITestsLaunchTests.swift in Sources */,
				77AC32742B77CC470034EF0B /* StreetsOfSanFranciscoUITests.swift in Sources */,
			);
			runOnlyForDeploymentPostprocessing = 0;
		};
/* End PBXSourcesBuildPhase section */

/* Begin PBXTargetDependency section */
		77AC32672B77CC470034EF0B /* PBXTargetDependency */ = {
			isa = PBXTargetDependency;
			target = 77AC32502B77CC460034EF0B /* StreetsOfSanFrancisco */;
			targetProxy = 77AC32662B77CC470034EF0B /* PBXContainerItemProxy */;
		};
		77AC32712B77CC470034EF0B /* PBXTargetDependency */ = {
			isa = PBXTargetDependency;
			target = 77AC32502B77CC460034EF0B /* StreetsOfSanFrancisco */;
			targetProxy = 77AC32702B77CC470034EF0B /* PBXContainerItemProxy */;
		};
/* End PBXTargetDependency section */

/* Begin XCBuildConfiguration section */
		77AC32772B77CC470034EF0B /* Debug */ = {
			isa = XCBuildConfiguration;
			buildSettings = {
				ALWAYS_SEARCH_USER_PATHS = NO;
				ASSETCATALOG_COMPILER_GENERATE_SWIFT_ASSET_SYMBOL_EXTENSIONS = YES;
				CLANG_ANALYZER_NONNULL = YES;
				CLANG_ANALYZER_NUMBER_OBJECT_CONVERSION = YES_AGGRESSIVE;
				CLANG_CXX_LANGUAGE_STANDARD = "gnu++20";
				CLANG_ENABLE_MODULES = YES;
				CLANG_ENABLE_OBJC_ARC = YES;
				CLANG_ENABLE_OBJC_WEAK = YES;
				CLANG_WARN_BLOCK_CAPTURE_AUTORELEASING = YES;
				CLANG_WARN_BOOL_CONVERSION = YES;
				CLANG_WARN_COMMA = YES;
				CLANG_WARN_CONSTANT_CONVERSION = YES;
				CLANG_WARN_DEPRECATED_OBJC_IMPLEMENTATIONS = YES;
				CLANG_WARN_DIRECT_OBJC_ISA_USAGE = YES_ERROR;
				CLANG_WARN_DOCUMENTATION_COMMENTS = YES;
				CLANG_WARN_EMPTY_BODY = YES;
				CLANG_WARN_ENUM_CONVERSION = YES;
				CLANG_WARN_INFINITE_RECURSION = YES;
				CLANG_WARN_INT_CONVERSION = YES;
				CLANG_WARN_NON_LITERAL_NULL_CONVERSION = YES;
				CLANG_WARN_OBJC_IMPLICIT_RETAIN_SELF = YES;
				CLANG_WARN_OBJC_LITERAL_CONVERSION = YES;
				CLANG_WARN_OBJC_ROOT_CLASS = YES_ERROR;
				CLANG_WARN_QUOTED_INCLUDE_IN_FRAMEWORK_HEADER = YES;
				CLANG_WARN_RANGE_LOOP_ANALYSIS = YES;
				CLANG_WARN_STRICT_PROTOTYPES = YES;
				CLANG_WARN_SUSPICIOUS_MOVE = YES;
				CLANG_WARN_UNGUARDED_AVAILABILITY = YES_AGGRESSIVE;
				CLANG_WARN_UNREACHABLE_CODE = YES;
				CLANG_WARN__DUPLICATE_METHOD_MATCH = YES;
				COPY_PHASE_STRIP = NO;
				DEBUG_INFORMATION_FORMAT = dwarf;
				ENABLE_STRICT_OBJC_MSGSEND = YES;
				ENABLE_TESTABILITY = YES;
				ENABLE_USER_SCRIPT_SANDBOXING = YES;
				GCC_C_LANGUAGE_STANDARD = gnu17;
				GCC_DYNAMIC_NO_PIC = NO;
				GCC_NO_COMMON_BLOCKS = YES;
				GCC_OPTIMIZATION_LEVEL = 0;
				GCC_PREPROCESSOR_DEFINITIONS = (
					"DEBUG=1",
					"$(inherited)",
				);
				GCC_WARN_64_TO_32_BIT_CONVERSION = YES;
				GCC_WARN_ABOUT_RETURN_TYPE = YES_ERROR;
				GCC_WARN_UNDECLARED_SELECTOR = YES;
				GCC_WARN_UNINITIALIZED_AUTOS = YES_AGGRESSIVE;
				GCC_WARN_UNUSED_FUNCTION = YES;
				GCC_WARN_UNUSED_VARIABLE = YES;
				IPHONEOS_DEPLOYMENT_TARGET = 17.2;
				LOCALIZATION_PREFERS_STRING_CATALOGS = YES;
				MTL_ENABLE_DEBUG_INFO = INCLUDE_SOURCE;
				MTL_FAST_MATH = YES;
				ONLY_ACTIVE_ARCH = YES;
				SDKROOT = iphoneos;
				SWIFT_ACTIVE_COMPILATION_CONDITIONS = "DEBUG $(inherited)";
				SWIFT_OPTIMIZATION_LEVEL = "-Onone";
			};
			name = Debug;
		};
		77AC32782B77CC470034EF0B /* Release */ = {
			isa = XCBuildConfiguration;
			buildSettings = {
				ALWAYS_SEARCH_USER_PATHS = NO;
				ASSETCATALOG_COMPILER_GENERATE_SWIFT_ASSET_SYMBOL_EXTENSIONS = YES;
				CLANG_ANALYZER_NONNULL = YES;
				CLANG_ANALYZER_NUMBER_OBJECT_CONVERSION = YES_AGGRESSIVE;
				CLANG_CXX_LANGUAGE_STANDARD = "gnu++20";
				CLANG_ENABLE_MODULES = YES;
				CLANG_ENABLE_OBJC_ARC = YES;
				CLANG_ENABLE_OBJC_WEAK = YES;
				CLANG_WARN_BLOCK_CAPTURE_AUTORELEASING = YES;
				CLANG_WARN_BOOL_CONVERSION = YES;
				CLANG_WARN_COMMA = YES;
				CLANG_WARN_CONSTANT_CONVERSION = YES;
				CLANG_WARN_DEPRECATED_OBJC_IMPLEMENTATIONS = YES;
				CLANG_WARN_DIRECT_OBJC_ISA_USAGE = YES_ERROR;
				CLANG_WARN_DOCUMENTATION_COMMENTS = YES;
				CLANG_WARN_EMPTY_BODY = YES;
				CLANG_WARN_ENUM_CONVERSION = YES;
				CLANG_WARN_INFINITE_RECURSION = YES;
				CLANG_WARN_INT_CONVERSION = YES;
				CLANG_WARN_NON_LITERAL_NULL_CONVERSION = YES;
				CLANG_WARN_OBJC_IMPLICIT_RETAIN_SELF = YES;
				CLANG_WARN_OBJC_LITERAL_CONVERSION = YES;
				CLANG_WARN_OBJC_ROOT_CLASS = YES_ERROR;
				CLANG_WARN_QUOTED_INCLUDE_IN_FRAMEWORK_HEADER = YES;
				CLANG_WARN_RANGE_LOOP_ANALYSIS = YES;
				CLANG_WARN_STRICT_PROTOTYPES = YES;
				CLANG_WARN_SUSPICIOUS_MOVE = YES;
				CLANG_WARN_UNGUARDED_AVAILABILITY = YES_AGGRESSIVE;
				CLANG_WARN_UNREACHABLE_CODE = YES;
				CLANG_WARN__DUPLICATE_METHOD_MATCH = YES;
				COPY_PHASE_STRIP = NO;
				DEBUG_INFORMATION_FORMAT = "dwarf-with-dsym";
				ENABLE_NS_ASSERTIONS = NO;
				ENABLE_STRICT_OBJC_MSGSEND = YES;
				ENABLE_USER_SCRIPT_SANDBOXING = YES;
				GCC_C_LANGUAGE_STANDARD = gnu17;
				GCC_NO_COMMON_BLOCKS = YES;
				GCC_WARN_64_TO_32_BIT_CONVERSION = YES;
				GCC_WARN_ABOUT_RETURN_TYPE = YES_ERROR;
				GCC_WARN_UNDECLARED_SELECTOR = YES;
				GCC_WARN_UNINITIALIZED_AUTOS = YES_AGGRESSIVE;
				GCC_WARN_UNUSED_FUNCTION = YES;
				GCC_WARN_UNUSED_VARIABLE = YES;
				IPHONEOS_DEPLOYMENT_TARGET = 17.2;
				LOCALIZATION_PREFERS_STRING_CATALOGS = YES;
				MTL_ENABLE_DEBUG_INFO = NO;
				MTL_FAST_MATH = YES;
				SDKROOT = iphoneos;
				SWIFT_COMPILATION_MODE = wholemodule;
				VALIDATE_PRODUCT = YES;
			};
			name = Release;
		};
		77AC327A2B77CC470034EF0B /* Debug */ = {
			isa = XCBuildConfiguration;
			buildSettings = {
				ASSETCATALOG_COMPILER_APPICON_NAME = AppIcon;
				ASSETCATALOG_COMPILER_GLOBAL_ACCENT_COLOR_NAME = AccentColor;
				CODE_SIGN_ENTITLEMENTS = StreetsOfSanFrancisco/StreetsOfSanFrancisco.entitlements;
				CODE_SIGN_STYLE = Automatic;
				CURRENT_PROJECT_VERSION = 1;
				DEVELOPMENT_ASSET_PATHS = "\"StreetsOfSanFrancisco/Preview Content\"";
				DEVELOPMENT_TEAM = V2955H829J;
				ENABLE_PREVIEWS = YES;
				GENERATE_INFOPLIST_FILE = YES;
				INFOPLIST_FILE = StreetsOfSanFrancisco/Info.plist;
				INFOPLIST_KEY_UIApplicationSceneManifest_Generation = YES;
				INFOPLIST_KEY_UIApplicationSupportsIndirectInputEvents = YES;
				INFOPLIST_KEY_UILaunchScreen_Generation = YES;
				INFOPLIST_KEY_UISupportedInterfaceOrientations_iPad = "UIInterfaceOrientationPortrait UIInterfaceOrientationPortraitUpsideDown UIInterfaceOrientationLandscapeLeft UIInterfaceOrientationLandscapeRight";
				INFOPLIST_KEY_UISupportedInterfaceOrientations_iPhone = "UIInterfaceOrientationPortrait UIInterfaceOrientationLandscapeLeft UIInterfaceOrientationLandscapeRight";
				LD_RUNPATH_SEARCH_PATHS = (
					"$(inherited)",
					"@executable_path/Frameworks",
				);
				MARKETING_VERSION = 1.0;
				PRODUCT_BUNDLE_IDENTIFIER = io.stills.StreetsOfSanFrancisco;
				PRODUCT_NAME = "$(TARGET_NAME)";
				SWIFT_EMIT_LOC_STRINGS = YES;
				SWIFT_VERSION = 5.0;
				TARGETED_DEVICE_FAMILY = "1,2";
			};
			name = Debug;
		};
		77AC327B2B77CC470034EF0B /* Release */ = {
			isa = XCBuildConfiguration;
			buildSettings = {
				ASSETCATALOG_COMPILER_APPICON_NAME = AppIcon;
				ASSETCATALOG_COMPILER_GLOBAL_ACCENT_COLOR_NAME = AccentColor;
				CODE_SIGN_ENTITLEMENTS = StreetsOfSanFrancisco/StreetsOfSanFrancisco.entitlements;
				CODE_SIGN_STYLE = Automatic;
				CURRENT_PROJECT_VERSION = 1;
				DEVELOPMENT_ASSET_PATHS = "\"StreetsOfSanFrancisco/Preview Content\"";
				DEVELOPMENT_TEAM = V2955H829J;
				ENABLE_PREVIEWS = YES;
				GENERATE_INFOPLIST_FILE = YES;
				INFOPLIST_FILE = StreetsOfSanFrancisco/Info.plist;
				INFOPLIST_KEY_UIApplicationSceneManifest_Generation = YES;
				INFOPLIST_KEY_UIApplicationSupportsIndirectInputEvents = YES;
				INFOPLIST_KEY_UILaunchScreen_Generation = YES;
				INFOPLIST_KEY_UISupportedInterfaceOrientations_iPad = "UIInterfaceOrientationPortrait UIInterfaceOrientationPortraitUpsideDown UIInterfaceOrientationLandscapeLeft UIInterfaceOrientationLandscapeRight";
				INFOPLIST_KEY_UISupportedInterfaceOrientations_iPhone = "UIInterfaceOrientationPortrait UIInterfaceOrientationLandscapeLeft UIInterfaceOrientationLandscapeRight";
				LD_RUNPATH_SEARCH_PATHS = (
					"$(inherited)",
					"@executable_path/Frameworks",
				);
				MARKETING_VERSION = 1.0;
				PRODUCT_BUNDLE_IDENTIFIER = io.stills.StreetsOfSanFrancisco;
				PRODUCT_NAME = "$(TARGET_NAME)";
				SWIFT_EMIT_LOC_STRINGS = YES;
				SWIFT_VERSION = 5.0;
				TARGETED_DEVICE_FAMILY = "1,2";
			};
			name = Release;
		};
		77AC327D2B77CC470034EF0B /* Debug */ = {
			isa = XCBuildConfiguration;
			buildSettings = {
				ALWAYS_EMBED_SWIFT_STANDARD_LIBRARIES = YES;
				BUNDLE_LOADER = "$(TEST_HOST)";
				CODE_SIGN_STYLE = Automatic;
				CURRENT_PROJECT_VERSION = 1;
				DEVELOPMENT_TEAM = V2955H829J;
				GENERATE_INFOPLIST_FILE = YES;
				IPHONEOS_DEPLOYMENT_TARGET = 17.2;
				MARKETING_VERSION = 1.0;
				PRODUCT_BUNDLE_IDENTIFIER = io.stills.StreetsOfSanFranciscoTests;
				PRODUCT_NAME = "$(TARGET_NAME)";
				SWIFT_EMIT_LOC_STRINGS = NO;
				SWIFT_VERSION = 5.0;
				TARGETED_DEVICE_FAMILY = "1,2";
				TEST_HOST = "$(BUILT_PRODUCTS_DIR)/StreetsOfSanFrancisco.app/$(BUNDLE_EXECUTABLE_FOLDER_PATH)/StreetsOfSanFrancisco";
			};
			name = Debug;
		};
		77AC327E2B77CC470034EF0B /* Release */ = {
			isa = XCBuildConfiguration;
			buildSettings = {
				ALWAYS_EMBED_SWIFT_STANDARD_LIBRARIES = YES;
				BUNDLE_LOADER = "$(TEST_HOST)";
				CODE_SIGN_STYLE = Automatic;
				CURRENT_PROJECT_VERSION = 1;
				DEVELOPMENT_TEAM = V2955H829J;
				GENERATE_INFOPLIST_FILE = YES;
				IPHONEOS_DEPLOYMENT_TARGET = 17.2;
				MARKETING_VERSION = 1.0;
				PRODUCT_BUNDLE_IDENTIFIER = io.stills.StreetsOfSanFranciscoTests;
				PRODUCT_NAME = "$(TARGET_NAME)";
				SWIFT_EMIT_LOC_STRINGS = NO;
				SWIFT_VERSION = 5.0;
				TARGETED_DEVICE_FAMILY = "1,2";
				TEST_HOST = "$(BUILT_PRODUCTS_DIR)/StreetsOfSanFrancisco.app/$(BUNDLE_EXECUTABLE_FOLDER_PATH)/StreetsOfSanFrancisco";
			};
			name = Release;
		};
		77AC32802B77CC470034EF0B /* Debug */ = {
			isa = XCBuildConfiguration;
			buildSettings = {
				ALWAYS_EMBED_SWIFT_STANDARD_LIBRARIES = YES;
				CODE_SIGN_STYLE = Automatic;
				CURRENT_PROJECT_VERSION = 1;
				DEVELOPMENT_TEAM = V2955H829J;
				GENERATE_INFOPLIST_FILE = YES;
				MARKETING_VERSION = 1.0;
				PRODUCT_BUNDLE_IDENTIFIER = io.stills.StreetsOfSanFranciscoUITests;
				PRODUCT_NAME = "$(TARGET_NAME)";
				SWIFT_EMIT_LOC_STRINGS = NO;
				SWIFT_VERSION = 5.0;
				TARGETED_DEVICE_FAMILY = "1,2";
				TEST_TARGET_NAME = StreetsOfSanFrancisco;
			};
			name = Debug;
		};
		77AC32812B77CC470034EF0B /* Release */ = {
			isa = XCBuildConfiguration;
			buildSettings = {
				ALWAYS_EMBED_SWIFT_STANDARD_LIBRARIES = YES;
				CODE_SIGN_STYLE = Automatic;
				CURRENT_PROJECT_VERSION = 1;
				DEVELOPMENT_TEAM = V2955H829J;
				GENERATE_INFOPLIST_FILE = YES;
				MARKETING_VERSION = 1.0;
				PRODUCT_BUNDLE_IDENTIFIER = io.stills.StreetsOfSanFranciscoUITests;
				PRODUCT_NAME = "$(TARGET_NAME)";
				SWIFT_EMIT_LOC_STRINGS = NO;
				SWIFT_VERSION = 5.0;
				TARGETED_DEVICE_FAMILY = "1,2";
				TEST_TARGET_NAME = StreetsOfSanFrancisco;
			};
			name = Release;
		};
/* End XCBuildConfiguration section */

/* Begin XCConfigurationList section */
		77AC324C2B77CC460034EF0B /* Build configuration list for PBXProject "StreetsOfSanFrancisco" */ = {
			isa = XCConfigurationList;
			buildConfigurations = (
				77AC32772B77CC470034EF0B /* Debug */,
				77AC32782B77CC470034EF0B /* Release */,
			);
			defaultConfigurationIsVisible = 0;
			defaultConfigurationName = Release;
		};
		77AC32792B77CC470034EF0B /* Build configuration list for PBXNativeTarget "StreetsOfSanFrancisco" */ = {
			isa = XCConfigurationList;
			buildConfigurations = (
				77AC327A2B77CC470034EF0B /* Debug */,
				77AC327B2B77CC470034EF0B /* Release */,
			);
			defaultConfigurationIsVisible = 0;
			defaultConfigurationName = Release;
		};
		77AC327C2B77CC470034EF0B /* Build configuration list for PBXNativeTarget "StreetsOfSanFranciscoTests" */ = {
			isa = XCConfigurationList;
			buildConfigurations = (
				77AC327D2B77CC470034EF0B /* Debug */,
				77AC327E2B77CC470034EF0B /* Release */,
			);
			defaultConfigurationIsVisible = 0;
			defaultConfigurationName = Release;
		};
		77AC327F2B77CC470034EF0B /* Build configuration list for PBXNativeTarget "StreetsOfSanFranciscoUITests" */ = {
			isa = XCConfigurationList;
			buildConfigurations = (
				77AC32802B77CC470034EF0B /* Debug */,
				77AC32812B77CC470034EF0B /* Release */,
			);
			defaultConfigurationIsVisible = 0;
			defaultConfigurationName = Release;
		};
/* End XCConfigurationList section */
	};
	rootObject = 77AC32492B77CC460034EF0B /* Project object */;
}
